
Microsoft Visual Studio Solution File, Format Version 12.00
# Visual Studio 14
VisualStudioVersion = 14.0.25420.1
MinimumVisualStudioVersion = 10.0.40219.1
Project("{FAE04EC0-301F-11D3-BF4B-00C04F79EFBC}") = "eshop", "eshop\eshop.csproj", "{89C0A4B9-6E5A-496C-A14D-CB2C1E4BFBA7}"
EndProject
Project("{FAE04EC0-301F-11D3-BF4B-00C04F79EFBC}") = "eshop.Tests", "eshop.Tests\eshop.Tests.csproj", "{A411BE88-F04D-428B-8194-4F608EB3CD7C}"
EndProject
Global
	GlobalSection(SolutionConfigurationPlatforms) = preSolution
		Debug|Any CPU = Debug|Any CPU
		Release|Any CPU = Release|Any CPU
	EndGlobalSection
	GlobalSection(ProjectConfigurationPlatforms) = postSolution
		{89C0A4B9-6E5A-496C-A14D-CB2C1E4BFBA7}.Debug|Any CPU.ActiveCfg = Debug|Any CPU
		{89C0A4B9-6E5A-496C-A14D-CB2C1E4BFBA7}.Debug|Any CPU.Build.0 = Debug|Any CPU
		{89C0A4B9-6E5A-496C-A14D-CB2C1E4BFBA7}.Release|Any CPU.ActiveCfg = Release|Any CPU
		{89C0A4B9-6E5A-496C-A14D-CB2C1E4BFBA7}.Release|Any CPU.Build.0 = Release|Any CPU
		{A411BE88-F04D-428B-8194-4F608EB3CD7C}.Debug|Any CPU.ActiveCfg = Debug|Any CPU
		{A411BE88-F04D-428B-8194-4F608EB3CD7C}.Debug|Any CPU.Build.0 = Debug|Any CPU
		{A411BE88-F04D-428B-8194-4F608EB3CD7C}.Release|Any CPU.ActiveCfg = Release|Any CPU
		{A411BE88-F04D-428B-8194-4F608EB3CD7C}.Release|Any CPU.Build.0 = Release|Any CPU
	EndGlobalSection
	GlobalSection(SolutionProperties) = preSolution
		HideSolutionNode = FALSE
	EndGlobalSection
EndGlobal
